
Microsoft Visual Studio Solution File, Format Version 12.00
# Visual Studio Version 17
VisualStudioVersion = 17.1.32421.90
MinimumVisualStudioVersion = 10.0.40219.1
Project("{9A19103F-16F7-4668-BE54-9A1E7A4F7556}") = "ChristmasBasketGift", "ChristmasBasketGift\ChristmasBasketGift.csproj", "{6A74F77E-2D2C-488B-8F08-E08B2C295D7E}"
EndProject
Global
	GlobalSection(SolutionConfigurationPlatforms) = preSolution
		Debug|Any CPU = Debug|Any CPU
		Release|Any CPU = Release|Any CPU
	EndGlobalSection
	GlobalSection(ProjectConfigurationPlatforms) = postSolution
		{6A74F77E-2D2C-488B-8F08-E08B2C295D7E}.Debug|Any CPU.ActiveCfg = Debug|Any CPU
		{6A74F77E-2D2C-488B-8F08-E08B2C295D7E}.Debug|Any CPU.Build.0 = Debug|Any CPU
		{6A74F77E-2D2C-488B-8F08-E08B2C295D7E}.Release|Any CPU.ActiveCfg = Release|Any CPU
		{6A74F77E-2D2C-488B-8F08-E08B2C295D7E}.Release|Any CPU.Build.0 = Release|Any CPU
	EndGlobalSection
	GlobalSection(SolutionProperties) = preSolution
		HideSolutionNode = FALSE
	EndGlobalSection
	GlobalSection(ExtensibilityGlobals) = postSolution
		SolutionGuid = {43547326-AA72-4E65-A9E2-1B43206FCA0A}
	EndGlobalSection
EndGlobal
